
Microsoft Visual Studio Solution File, Format Version 12.00
# Visual Studio Version 16
VisualStudioVersion = 16.0.29215.179
MinimumVisualStudioVersion = 10.0.40219.1
Project("{FAE04EC0-301F-11D3-BF4B-00C04F79EFBC}") = "MiniBank.UI", "MiniBank.UI\MiniBank.UI.csproj", "{C5DF6D26-C6CF-41B2-9C48-1FB149AA4501}"
EndProject
Global
	GlobalSection(SolutionConfigurationPlatforms) = preSolution
		Debug|Any CPU = Debug|Any CPU
		Release|Any CPU = Release|Any CPU
	EndGlobalSection
	GlobalSection(ProjectConfigurationPlatforms) = postSolution
		{C5DF6D26-C6CF-41B2-9C48-1FB149AA4501}.Debug|Any CPU.ActiveCfg = Debug|Any CPU
		{C5DF6D26-C6CF-41B2-9C48-1FB149AA4501}.Debug|Any CPU.Build.0 = Debug|Any CPU
		{C5DF6D26-C6CF-41B2-9C48-1FB149AA4501}.Release|Any CPU.ActiveCfg = Release|Any CPU
		{C5DF6D26-C6CF-41B2-9C48-1FB149AA4501}.Release|Any CPU.Build.0 = Release|Any CPU
	EndGlobalSection
	GlobalSection(SolutionProperties) = preSolution
		HideSolutionNode = FALSE
	EndGlobalSection
	GlobalSection(ExtensibilityGlobals) = postSolution
		SolutionGuid = {7676233E-0CC1-45EB-95DA-67104DC29C79}
	EndGlobalSection
EndGlobal
